# This file is automatically @generated by Cargo.
# It is not intended for manual editing.
version = 4

[[package]]
name = "aimc_comms"
version = "0.1.0"
dependencies = [
 "aimc_hal",
 "anpp",
]

[[package]]
name = "aimc_fps_counter"
version = "0.1.0"
dependencies = [
 "aimc_hal",
 "arraydeque",
 "scroll",
 "scroll_derive",
]

[[package]]
name = "aimc_hal"
version = "0.1.0"
dependencies = [
 "anpp",
 "arrayvec 0.5.1",
 "scroll",
 "scroll_derive",
 "uom",
]

[[package]]
name = "aimc_motion"
version = "0.1.0"
dependencies = [
 "aimc_hal",
 "anpp",
 "arrayvec 0.5.1",
 "gcode",
 "scroll",
 "scroll_derive",
 "uom",
]

[[package]]
name = "aimc_sim"
version = "0.1.0"
dependencies = [
 "aimc_comms",
 "aimc_fps_counter",
 "aimc_hal",
 "aimc_motion",
 "anpp",
 "arrayvec 0.5.1",
 "console_error_panic_hook",
 "js-sys",
 "scroll",
 "scroll_derive",
 "wasm-bindgen",
 "wasm-bindgen-test",
 "web-sys",
]

[[package]]
name = "anpp"
version = "2.0.0"
source = "registry+https://github.com/rust-lang/crates.io-index"
checksum = "d4e73c67f3788d3db1f20f9d04feafe6d1f59adb0045f9aa5daeb4309f83852b"
dependencies = [
 "arrayvec 0.4.12",
 "byteorder",
]

[[package]]
name = "arraydeque"
version = "0.4.5"
source = "registry+https://github.com/rust-lang/crates.io-index"
checksum = "f0ffd3d69bd89910509a5d31d1f1353f38ccffdd116dd0099bbd6627f7bd8ad8"

[[package]]
name = "arrayvec"
version = "0.4.12"
source = "registry+https://github.com/rust-lang/crates.io-index"
checksum = "cd9fd44efafa8690358b7408d253adf110036b88f55672a933f01d616ad9b1b9"
dependencies = [
 "nodrop",
]

[[package]]
name = "arrayvec"
version = "0.5.1"
source = "registry+https://github.com/rust-lang/crates.io-index"
checksum = "cff77d8686867eceff3105329d4698d96c2391c176d5d03adc90c7389162b5b8"

[[package]]
name = "autocfg"
version = "0.1.7"
source = "registry+https://github.com/rust-lang/crates.io-index"
checksum = "1d49d90015b3c36167a20fe2810c5cd875ad504b39cff3d4eae7977e6b7c1cb2"

[[package]]
name = "bumpalo"
version = "3.17.0"
source = "registry+https://github.com/rust-lang/crates.io-index"
checksum = "1628fb46dfa0b37568d12e5edd512553eccf6a22a78e8bde00bb4aed84d5bdbf"

[[package]]
name = "byteorder"
version = "1.3.2"
source = "registry+https://github.com/rust-lang/crates.io-index"
checksum = "a7c3dd8985a7111efc5c80b44e23ecdd8c007de8ade3b96595387e812b957cf5"

[[package]]
name = "cfg-if"
version = "0.1.10"
source = "registry+https://github.com/rust-lang/crates.io-index"
checksum = "4785bdd1c96b2a846b2bd7cc02e86b6b3dbf14e7e53446c4f54c92a361040822"

[[package]]
name = "cfg-if"
version = "1.0.0"
source = "registry+https://github.com/rust-lang/crates.io-index"
checksum = "baf1de4339761588bc0619e3cbc0120ee582ebb74b53b4efbf79117bd2da40fd"

[[package]]
name = "console_error_panic_hook"
version = "0.1.6"
source = "registry+https://github.com/rust-lang/crates.io-index"
checksum = "b8d976903543e0c48546a91908f21588a680a8c8f984df9a5d69feccb2b2a211"
dependencies = [
 "cfg-if 0.1.10",
 "wasm-bindgen",
]

[[package]]
name = "gcode"
version = "0.5.2"
source = "registry+https://github.com/rust-lang/crates.io-index"
checksum = "547a96a6e7390f2cd9570221611487fb0ed7fbfbf1722cfd874ee3003df60eff"
dependencies = [
 "arrayvec 0.4.12",
 "cfg-if 0.1.10",
 "libm",
]

[[package]]
name = "js-sys"
version = "0.3.77"
source = "registry+https://github.com/rust-lang/crates.io-index"
checksum = "1cfaf33c695fc6e08064efbc1f72ec937429614f25eef83af942d0e227c3a28f"
dependencies = [
 "once_cell",
 "wasm-bindgen",
]

[[package]]
name = "libm"
version = "0.1.4"
source = "registry+https://github.com/rust-lang/crates.io-index"
checksum = "7fc7aa29613bd6a620df431842069224d8bc9011086b1db4c0e0cd47fa03ec9a"

[[package]]
name = "log"
version = "0.4.8"
source = "registry+https://github.com/rust-lang/crates.io-index"
checksum = "14b6052be84e6b71ab17edffc2eeabf5c2c3ae1fdb464aae35ac50c67a44e1f7"
dependencies = [
 "cfg-if 0.1.10",
]

[[package]]
name = "nodrop"
version = "0.1.14"
source = "registry+https://github.com/rust-lang/crates.io-index"
checksum = "72ef4a56884ca558e5ddb05a1d1e7e1bfd9a68d9ed024c21704cc98872dae1bb"

[[package]]
name = "num-traits"
version = "0.2.8"
source = "registry+https://github.com/rust-lang/crates.io-index"
checksum = "6ba9a427cfca2be13aa6f6403b0b7e7368fe982bfa16fccc450ce74c46cd9b32"
dependencies = [
 "autocfg",
]

[[package]]
name = "once_cell"
version = "1.21.3"
source = "registry+https://github.com/rust-lang/crates.io-index"
checksum = "42f5e15c9953c5e4ccceeb2e7382a716482c34515315f7b03532b8b4e8393d2d"

[[package]]
name = "proc-macro2"
version = "1.0.95"
source = "registry+https://github.com/rust-lang/crates.io-index"
checksum = "02b3e5e68a3a1a02aad3ec490a98007cbc13c37cbe84a3cd7b8e406d76e7f778"
dependencies = [
 "unicode-ident",
]

[[package]]
name = "quote"
version = "1.0.40"
source = "registry+https://github.com/rust-lang/crates.io-index"
checksum = "1885c039570dc00dcb4ff087a89e185fd56bae234ddc7f056a945bf36467248d"
dependencies = [
 "proc-macro2",
]

[[package]]
name = "rustversion"
version = "1.0.20"
source = "registry+https://github.com/rust-lang/crates.io-index"
checksum = "eded382c5f5f786b989652c49544c4877d9f015cc22e145a5ea8ea66c2921cd2"

[[package]]
name = "scoped-tls"
version = "1.0.0"
source = "registry+https://github.com/rust-lang/crates.io-index"
checksum = "ea6a9290e3c9cf0f18145ef7ffa62d68ee0bf5fcd651017e586dc7fd5da448c2"

[[package]]
name = "scroll"
version = "0.10.1"
source = "registry+https://github.com/rust-lang/crates.io-index"
checksum = "abb2332cb595d33f7edd5700f4cbf94892e680c7f0ae56adab58a35190b66cb1"

[[package]]
name = "scroll_derive"
version = "0.10.1"
source = "registry+https://github.com/rust-lang/crates.io-index"
checksum = "f8584eea9b9ff42825b46faf46a8c24d2cff13ec152fa2a50df788b87c07ee28"
dependencies = [
 "proc-macro2",
 "quote",
 "syn 1.0.8",
]

[[package]]
name = "syn"
version = "1.0.8"
source = "registry+https://github.com/rust-lang/crates.io-index"
checksum = "661641ea2aa15845cddeb97dad000d22070bb5c1fb456b96c1cba883ec691e92"
dependencies = [
 "proc-macro2",
 "quote",
 "unicode-xid",
]

[[package]]
name = "syn"
version = "2.0.100"
source = "registry+https://github.com/rust-lang/crates.io-index"
checksum = "b09a44accad81e1ba1cd74a32461ba89dee89095ba17b32f5d03683b1b1fc2a0"
dependencies = [
 "proc-macro2",
 "quote",
 "unicode-ident",
]

[[package]]
name = "typenum"
version = "1.18.0"
source = "registry+https://github.com/rust-lang/crates.io-index"
checksum = "1dccffe3ce07af9386bfd29e80c0ab1a8205a2fc34e4bcd40364df902cfa8f3f"

[[package]]
name = "unicode-ident"
version = "1.0.18"
source = "registry+https://github.com/rust-lang/crates.io-index"
checksum = "5a5f39404a5da50712a4c1eecf25e90dd62b613502b7e925fd4e4d19b5c96512"

[[package]]
name = "unicode-xid"
version = "0.2.0"
source = "registry+https://github.com/rust-lang/crates.io-index"
checksum = "826e7639553986605ec5979c7dd957c7895e93eabed50ab2ffa7f6128a75097c"

[[package]]
name = "uom"
version = "0.36.0"
source = "registry+https://github.com/rust-lang/crates.io-index"
checksum = "ffd36e5350a65d112584053ee91843955826bf9e56ec0d1351214e01f6d7cd9c"
dependencies = [
 "num-traits",
 "typenum",
]

[[package]]
name = "wasm-bindgen"
version = "0.2.100"
source = "registry+https://github.com/rust-lang/crates.io-index"
checksum = "1edc8929d7499fc4e8f0be2262a241556cfc54a0bea223790e71446f2aab1ef5"
dependencies = [
 "cfg-if 1.0.0",
 "once_cell",
 "rustversion",
 "wasm-bindgen-macro",
]

[[package]]
name = "wasm-bindgen-backend"
version = "0.2.100"
source = "registry+https://github.com/rust-lang/crates.io-index"
checksum = "2f0a0651a5c2bc21487bde11ee802ccaf4c51935d0d3d42a6101f98161700bc6"
dependencies = [
 "bumpalo",
 "log",
 "proc-macro2",
 "quote",
 "syn 2.0.100",
 "wasm-bindgen-shared",
]

[[package]]
name = "wasm-bindgen-futures"
version = "0.4.4"
source = "registry+https://github.com/rust-lang/crates.io-index"
checksum = "07573324d8331357b833487c57f7b8d45924a69d5e2c44b4420558b310b86943"
dependencies = [
 "cfg-if 0.1.10",
 "js-sys",
 "wasm-bindgen",
 "web-sys",
]

[[package]]
name = "wasm-bindgen-macro"
version = "0.2.100"
source = "registry+https://github.com/rust-lang/crates.io-index"
checksum = "7fe63fc6d09ed3792bd0897b314f53de8e16568c2b3f7982f468c0bf9bd0b407"
dependencies = [
 "quote",
 "wasm-bindgen-macro-support",
]

[[package]]
name = "wasm-bindgen-macro-support"
version = "0.2.100"
source = "registry+https://github.com/rust-lang/crates.io-index"
checksum = "8ae87ea40c9f689fc23f209965b6fb8a99ad69aeeb0231408be24920604395de"
dependencies = [
 "proc-macro2",
 "quote",
 "syn 2.0.100",
 "wasm-bindgen-backend",
 "wasm-bindgen-shared",
]

[[package]]
name = "wasm-bindgen-shared"
version = "0.2.100"
source = "registry+https://github.com/rust-lang/crates.io-index"
checksum = "1a05d73b933a847d6cccdda8f838a22ff101ad9bf93e33684f39c1f5f0eece3d"
dependencies = [
 "unicode-ident",
]

[[package]]
name = "wasm-bindgen-test"
version = "0.3.4"
source = "registry+https://github.com/rust-lang/crates.io-index"
checksum = "7ec6f75c4938e7fe9b1336b71a50eb614e496d9e27cf8939d8d6548256e3459a"
dependencies = [
 "console_error_panic_hook",
 "js-sys",
 "scoped-tls",
 "wasm-bindgen",
 "wasm-bindgen-futures",
 "wasm-bindgen-test-macro",
]

[[package]]
name = "wasm-bindgen-test-macro"
version = "0.3.4"
source = "registry+https://github.com/rust-lang/crates.io-index"
checksum = "be5f7089525a96d36dfaea29a0000b6e70be40679633cdcce36b181389e30e5c"
dependencies = [
 "proc-macro2",
 "quote",
]

[[package]]
name = "web-sys"
version = "0.3.77"
source = "registry+https://github.com/rust-lang/crates.io-index"
checksum = "33b6dd2ef9186f1f2072e409e99cd22a975331a6b3591b12c764e0e55c60d5d2"
dependencies = [
 "js-sys",
 "wasm-bindgen",
]
